
Microsoft Visual Studio Solution File, Format Version 12.00
# Visual Studio 15
VisualStudioVersion = 15.0.28307.136
MinimumVisualStudioVersion = 10.0.40219.1
Project("{FAE04EC0-301F-11D3-BF4B-00C04F79EFBC}") = "Alfonso.Spider", "Alfonso.Spider\Alfonso.Spider.csproj", "{C434D33B-ED86-4DFB-9A75-B5946C85C2DD}"
EndProject
Project("{FAE04EC0-301F-11D3-BF4B-00C04F79EFBC}") = "ConsoleApp1", "ConsoleApp1\ConsoleApp1.csproj", "{690ED84A-FF30-45EC-8890-C6CCD3B4DEA0}"
EndProject
Global
	GlobalSection(SolutionConfigurationPlatforms) = preSolution
		Debug|Any CPU = Debug|Any CPU
		Release|Any CPU = Release|Any CPU
	EndGlobalSection
	GlobalSection(ProjectConfigurationPlatforms) = postSolution
		{C434D33B-ED86-4DFB-9A75-B5946C85C2DD}.Debug|Any CPU.ActiveCfg = Debug|Any CPU
		{C434D33B-ED86-4DFB-9A75-B5946C85C2DD}.Debug|Any CPU.Build.0 = Debug|Any CPU
		{C434D33B-ED86-4DFB-9A75-B5946C85C2DD}.Release|Any CPU.ActiveCfg = Release|Any CPU
		{C434D33B-ED86-4DFB-9A75-B5946C85C2DD}.Release|Any CPU.Build.0 = Release|Any CPU
		{690ED84A-FF30-45EC-8890-C6CCD3B4DEA0}.Debug|Any CPU.ActiveCfg = Debug|Any CPU
		{690ED84A-FF30-45EC-8890-C6CCD3B4DEA0}.Debug|Any CPU.Build.0 = Debug|Any CPU
		{690ED84A-FF30-45EC-8890-C6CCD3B4DEA0}.Release|Any CPU.ActiveCfg = Release|Any CPU
		{690ED84A-FF30-45EC-8890-C6CCD3B4DEA0}.Release|Any CPU.Build.0 = Release|Any CPU
	EndGlobalSection
	GlobalSection(SolutionProperties) = preSolution
		HideSolutionNode = FALSE
	EndGlobalSection
	GlobalSection(ExtensibilityGlobals) = postSolution
		SolutionGuid = {E5BCA533-01CC-4179-B45A-E11470B1CA70}
	EndGlobalSection
EndGlobal
